
Microsoft Visual Studio Solution File, Format Version 12.00
# Visual Studio 2010
Project("{FAE04EC0-301F-11D3-BF4B-00C04F79EFBC}") = "JFB.Systems.Domain", "FH.System.Domain\JFB.Systems.Domain.csproj", "{6E286B01-0768-48A3-B057-75EFB47213BF}"
EndProject
Project("{FAE04EC0-301F-11D3-BF4B-00C04F79EFBC}") = "JFB.Utils", "FH.Utils\JFB.Utils.csproj", "{48986C93-F7FD-4545-9239-FB15B5C65C5D}"
EndProject
Project("{FAE04EC0-301F-11D3-BF4B-00C04F79EFBC}") = "JFB.Business.Domain", "JFB.Business.Domain\JFB.Business.Domain.csproj", "{4162A519-4CF5-4290-A64C-FA8E87C8F87D}"
EndProject
Project("{FAE04EC0-301F-11D3-BF4B-00C04F79EFBC}") = "PJJ.WX", "JFB.Wx\PJJ.WX.csproj", "{E656969C-2B1C-44A7-AF06-B63CCAA899F1}"
EndProject
Project("{FAE04EC0-301F-11D3-BF4B-00C04F79EFBC}") = "JFB.Api", "JFB.Api\JFB.Api.csproj", "{47710260-751F-4455-91D0-B9A7A18D2031}"
EndProject
Global
	GlobalSection(SolutionConfigurationPlatforms) = preSolution
		Debug|Any CPU = Debug|Any CPU
		Release|Any CPU = Release|Any CPU
	EndGlobalSection
	GlobalSection(ProjectConfigurationPlatforms) = postSolution
		{6E286B01-0768-48A3-B057-75EFB47213BF}.Debug|Any CPU.ActiveCfg = Debug|Any CPU
		{6E286B01-0768-48A3-B057-75EFB47213BF}.Debug|Any CPU.Build.0 = Debug|Any CPU
		{6E286B01-0768-48A3-B057-75EFB47213BF}.Release|Any CPU.ActiveCfg = Release|Any CPU
		{6E286B01-0768-48A3-B057-75EFB47213BF}.Release|Any CPU.Build.0 = Release|Any CPU
		{48986C93-F7FD-4545-9239-FB15B5C65C5D}.Debug|Any CPU.ActiveCfg = Debug|Any CPU
		{48986C93-F7FD-4545-9239-FB15B5C65C5D}.Debug|Any CPU.Build.0 = Debug|Any CPU
		{48986C93-F7FD-4545-9239-FB15B5C65C5D}.Release|Any CPU.ActiveCfg = Release|Any CPU
		{48986C93-F7FD-4545-9239-FB15B5C65C5D}.Release|Any CPU.Build.0 = Release|Any CPU
		{4162A519-4CF5-4290-A64C-FA8E87C8F87D}.Debug|Any CPU.ActiveCfg = Debug|Any CPU
		{4162A519-4CF5-4290-A64C-FA8E87C8F87D}.Debug|Any CPU.Build.0 = Debug|Any CPU
		{4162A519-4CF5-4290-A64C-FA8E87C8F87D}.Release|Any CPU.ActiveCfg = Release|Any CPU
		{4162A519-4CF5-4290-A64C-FA8E87C8F87D}.Release|Any CPU.Build.0 = Release|Any CPU
		{E656969C-2B1C-44A7-AF06-B63CCAA899F1}.Debug|Any CPU.ActiveCfg = Debug|Any CPU
		{E656969C-2B1C-44A7-AF06-B63CCAA899F1}.Debug|Any CPU.Build.0 = Debug|Any CPU
		{E656969C-2B1C-44A7-AF06-B63CCAA899F1}.Release|Any CPU.ActiveCfg = Release|Any CPU
		{E656969C-2B1C-44A7-AF06-B63CCAA899F1}.Release|Any CPU.Build.0 = Release|Any CPU
		{47710260-751F-4455-91D0-B9A7A18D2031}.Debug|Any CPU.ActiveCfg = Debug|Any CPU
		{47710260-751F-4455-91D0-B9A7A18D2031}.Debug|Any CPU.Build.0 = Debug|Any CPU
		{47710260-751F-4455-91D0-B9A7A18D2031}.Release|Any CPU.ActiveCfg = Release|Any CPU
		{47710260-751F-4455-91D0-B9A7A18D2031}.Release|Any CPU.Build.0 = Release|Any CPU
	EndGlobalSection
	GlobalSection(SolutionProperties) = preSolution
		HideSolutionNode = FALSE
	EndGlobalSection
EndGlobal
